
Microsoft Visual Studio Solution File, Format Version 12.00
# Visual Studio 15
VisualStudioVersion = 15.0.28307.329
MinimumVisualStudioVersion = 10.0.40219.1
Project("{FAE04EC0-301F-11D3-BF4B-00C04F79EFBC}") = "MainWS", "MainWS\MainWS.csproj", "{BD5CD3DF-CC41-49B2-8A62-22D81505D027}"
EndProject
Project("{FAE04EC0-301F-11D3-BF4B-00C04F79EFBC}") = "VINlib", "VIN\VINlib.csproj", "{EAC0D3BB-A5E1-4BA3-805D-CCAECF32FF88}"
EndProject
Global
	GlobalSection(SolutionConfigurationPlatforms) = preSolution
		Debug|Any CPU = Debug|Any CPU
		Release|Any CPU = Release|Any CPU
	EndGlobalSection
	GlobalSection(ProjectConfigurationPlatforms) = postSolution
		{BD5CD3DF-CC41-49B2-8A62-22D81505D027}.Debug|Any CPU.ActiveCfg = Debug|Any CPU
		{BD5CD3DF-CC41-49B2-8A62-22D81505D027}.Debug|Any CPU.Build.0 = Debug|Any CPU
		{BD5CD3DF-CC41-49B2-8A62-22D81505D027}.Release|Any CPU.ActiveCfg = Release|Any CPU
		{BD5CD3DF-CC41-49B2-8A62-22D81505D027}.Release|Any CPU.Build.0 = Release|Any CPU
		{EAC0D3BB-A5E1-4BA3-805D-CCAECF32FF88}.Debug|Any CPU.ActiveCfg = Debug|Any CPU
		{EAC0D3BB-A5E1-4BA3-805D-CCAECF32FF88}.Debug|Any CPU.Build.0 = Debug|Any CPU
		{EAC0D3BB-A5E1-4BA3-805D-CCAECF32FF88}.Release|Any CPU.ActiveCfg = Release|Any CPU
		{EAC0D3BB-A5E1-4BA3-805D-CCAECF32FF88}.Release|Any CPU.Build.0 = Release|Any CPU
	EndGlobalSection
	GlobalSection(SolutionProperties) = preSolution
		HideSolutionNode = FALSE
	EndGlobalSection
	GlobalSection(ExtensibilityGlobals) = postSolution
		SolutionGuid = {0837488D-BDD0-4BB8-AA2E-70E0EE307D12}
	EndGlobalSection
EndGlobal
